
Microsoft Visual Studio Solution File, Format Version 12.00
# Visual Studio Version 16
VisualStudioVersion = 16.0.30114.105
MinimumVisualStudioVersion = 10.0.40219.1
Project("{FAE04EC0-301F-11D3-BF4B-00C04F79EFBC}") = "uri1042", "uri1042\uri1042.csproj", "{D183E86E-1A19-4471-BF03-57CF7AB70E12}"
EndProject
Global
	GlobalSection(SolutionConfigurationPlatforms) = preSolution
		Debug|Any CPU = Debug|Any CPU
		Release|Any CPU = Release|Any CPU
	EndGlobalSection
	GlobalSection(ProjectConfigurationPlatforms) = postSolution
		{D183E86E-1A19-4471-BF03-57CF7AB70E12}.Debug|Any CPU.ActiveCfg = Debug|Any CPU
		{D183E86E-1A19-4471-BF03-57CF7AB70E12}.Debug|Any CPU.Build.0 = Debug|Any CPU
		{D183E86E-1A19-4471-BF03-57CF7AB70E12}.Release|Any CPU.ActiveCfg = Release|Any CPU
		{D183E86E-1A19-4471-BF03-57CF7AB70E12}.Release|Any CPU.Build.0 = Release|Any CPU
	EndGlobalSection
	GlobalSection(SolutionProperties) = preSolution
		HideSolutionNode = FALSE
	EndGlobalSection
	GlobalSection(ExtensibilityGlobals) = postSolution
		SolutionGuid = {2DF55A2A-D706-4D26-8751-6C4148CC6B84}
	EndGlobalSection
EndGlobal
